Microsoft Visual Studio Solution File, Format Version 12.00
# Visual Studio Version 17
VisualStudioVersion = 17.5.2.0
MinimumVisualStudioVersion = 10.0.40219.1
Project("{FAE04EC0-301F-11D3-BF4B-00C04F79EFBC}") = "mk_bridge", "mk_bridge.csproj", "{5B9F5030-CFB8-BF38-A1F4-5D6A2A11087B}"
EndProject
Global
	GlobalSection(SolutionConfigurationPlatforms) = preSolution
		Debug|Any CPU = Debug|Any CPU
		Release|Any CPU = Release|Any CPU
	EndGlobalSection
	GlobalSection(ProjectConfigurationPlatforms) = postSolution
		{5B9F5030-CFB8-BF38-A1F4-5D6A2A11087B}.Debug|Any CPU.ActiveCfg = Debug|Any CPU
		{5B9F5030-CFB8-BF38-A1F4-5D6A2A11087B}.Debug|Any CPU.Build.0 = Debug|Any CPU
		{5B9F5030-CFB8-BF38-A1F4-5D6A2A11087B}.Release|Any CPU.ActiveCfg = Release|Any CPU
		{5B9F5030-CFB8-BF38-A1F4-5D6A2A11087B}.Release|Any CPU.Build.0 = Release|Any CPU
	EndGlobalSection
	GlobalSection(SolutionProperties) = preSolution
		HideSolutionNode = FALSE
	EndGlobalSection
	GlobalSection(ExtensibilityGlobals) = postSolution
		SolutionGuid = {86784866-E7A4-4E00-BCF3-1801FF0E3DD1}
	EndGlobalSection
EndGlobal
